
Microsoft Visual Studio Solution File, Format Version 12.00
# Visual Studio Version 16
VisualStudioVersion = 16.0.30611.23
MinimumVisualStudioVersion = 10.0.40219.1
Project("{888888A0-9F3D-457C-B088-3A5042F75D52}") = "USCIS", "USCIS.pyproj", "{EA326253-FE36-4707-9EDB-7082C93EF7B9}"
EndProject
Global
	GlobalSection(SolutionConfigurationPlatforms) = preSolution
		Debug|Any CPU = Debug|Any CPU
		Release|Any CPU = Release|Any CPU
	EndGlobalSection
	GlobalSection(ProjectConfigurationPlatforms) = postSolution
		{EA326253-FE36-4707-9EDB-7082C93EF7B9}.Debug|Any CPU.ActiveCfg = Debug|Any CPU
		{EA326253-FE36-4707-9EDB-7082C93EF7B9}.Release|Any CPU.ActiveCfg = Release|Any CPU
	EndGlobalSection
	GlobalSection(SolutionProperties) = preSolution
		HideSolutionNode = FALSE
	EndGlobalSection
	GlobalSection(ExtensibilityGlobals) = postSolution
		SolutionGuid = {94934B18-74D7-460E-AC30-058B8367AC9F}
	EndGlobalSection
EndGlobal
